
Microsoft Visual Studio Solution File, Format Version 12.00
# Visual Studio Version 17
VisualStudioVersion = 17.5.002.0
MinimumVisualStudioVersion = 10.0.40219.1
Project("{9A19103F-16F7-4668-BE54-9A1E7A4F7556}") = "APBD_test1", "APBD_test1.csproj", "{F4C0FD49-DB74-499C-BC40-B52A2CA353EB}"
EndProject
Global
	GlobalSection(SolutionConfigurationPlatforms) = preSolution
		Debug|Any CPU = Debug|Any CPU
		Release|Any CPU = Release|Any CPU
	EndGlobalSection
	GlobalSection(ProjectConfigurationPlatforms) = postSolution
		{F4C0FD49-DB74-499C-BC40-B52A2CA353EB}.Debug|Any CPU.ActiveCfg = Debug|Any CPU
		{F4C0FD49-DB74-499C-BC40-B52A2CA353EB}.Debug|Any CPU.Build.0 = Debug|Any CPU
		{F4C0FD49-DB74-499C-BC40-B52A2CA353EB}.Release|Any CPU.ActiveCfg = Release|Any CPU
		{F4C0FD49-DB74-499C-BC40-B52A2CA353EB}.Release|Any CPU.Build.0 = Release|Any CPU
	EndGlobalSection
	GlobalSection(SolutionProperties) = preSolution
		HideSolutionNode = FALSE
	EndGlobalSection
	GlobalSection(ExtensibilityGlobals) = postSolution
		SolutionGuid = {C7B532CE-8B45-4E16-A828-A5CD7D6B001E}
	EndGlobalSection
EndGlobal
